// !$*UTF8*$!
{
	archiveVersion = 1;
	classes = {
	};
	objectVersion = 56;
	objects = {

/* Begin PBXBuildFile section */
		8CF3945E2C611A810074E83A /* AppDelegate.swift in Sources */ = {isa = PBXBuildFile; fileRef = 8CF3945D2C611A800074E83A /* AppDelegate.swift */; };
		8CF394602C611A810074E83A /* SceneDelegate.swift in Sources */ = {isa = PBXBuildFile; fileRef = 8CF3945F2C611A810074E83A /* SceneDelegate.swift */; };
		8CF394622C611A810074E83A /* ListViewController.swift in Sources */ = {isa = PBXBuildFile; fileRef = 8CF394612C611A810074E83A /* ListViewController.swift */; };
		8CF394652C611A810074E83A /* Main.storyboard in Resources */ = {isa = PBXBuildFile; fileRef = 8CF394632C611A810074E83A /* Main.storyboard */; };
		8CF394672C611A830074E83A /* Assets.xcassets in Resources */ = {isa = PBXBuildFile; fileRef = 8CF394662C611A830074E83A /* Assets.xcassets */; };
		8CF394752C611A830074E83A /* gist_peekTests.swift in Sources */ = {isa = PBXBuildFile; fileRef = 8CF394742C611A830074E83A /* gist_peekTests.swift */; };
		8CF3947F2C611A830074E83A /* gist_peekUITests.swift in Sources */ = {isa = PBXBuildFile; fileRef = 8CF3947E2C611A830074E83A /* gist_peekUITests.swift */; };
		8CF394812C611A830074E83A /* gist_peekUITestsLaunchTests.swift in Sources */ = {isa = PBXBuildFile; fileRef = 8CF394802C611A830074E83A /* gist_peekUITestsLaunchTests.swift */; };
		8CF394912C61294F0074E83A /* AppCoordinator.swift in Sources */ = {isa = PBXBuildFile; fileRef = 8CF394902C61294F0074E83A /* AppCoordinator.swift */; };
		8CF394932C61297B0074E83A /* Coordinator.swift in Sources */ = {isa = PBXBuildFile; fileRef = 8CF394922C61297B0074E83A /* Coordinator.swift */; };
		8CF394952C612A3A0074E83A /* ListCoordinator.swift in Sources */ = {isa = PBXBuildFile; fileRef = 8CF394942C612A3A0074E83A /* ListCoordinator.swift */; };
		8CF8996A2C614F48007F3859 /* ListTableViewCell.swift in Sources */ = {isa = PBXBuildFile; fileRef = 8CF899692C614F48007F3859 /* ListTableViewCell.swift */; };
		8CF899702C6245B6007F3859 /* Kingfisher in Frameworks */ = {isa = PBXBuildFile; productRef = 8CF8996F2C6245B6007F3859 /* Kingfisher */; };
		8CF899732C624797007F3859 /* Repository.swift in Sources */ = {isa = PBXBuildFile; fileRef = 8CF899722C624797007F3859 /* Repository.swift */; };
		8CF899752C6247D6007F3859 /* Owner.swift in Sources */ = {isa = PBXBuildFile; fileRef = 8CF899742C6247D6007F3859 /* Owner.swift */; };
		8CF899782C624C48007F3859 /* gists.json in Resources */ = {isa = PBXBuildFile; fileRef = 8CF899772C624C48007F3859 /* gists.json */; };
		8CF8997B2C624C9B007F3859 /* RepositoryTests.swift in Sources */ = {isa = PBXBuildFile; fileRef = 8CF8997A2C624C9B007F3859 /* RepositoryTests.swift */; };
		8CF8997F2C6255A0007F3859 /* RepositoryFile.swift in Sources */ = {isa = PBXBuildFile; fileRef = 8CF8997E2C6255A0007F3859 /* RepositoryFile.swift */; };
		8CF899812C625696007F3859 /* Repositories.swift in Sources */ = {isa = PBXBuildFile; fileRef = 8CF899802C625696007F3859 /* Repositories.swift */; };
		8CF899842C627470007F3859 /* ListViewModel.swift in Sources */ = {isa = PBXBuildFile; fileRef = 8CF899832C627470007F3859 /* ListViewModel.swift */; };
		8CF899872C629BFA007F3859 /* Network.swift in Sources */ = {isa = PBXBuildFile; fileRef = 8CF899862C629BFA007F3859 /* Network.swift */; };
		8CF899892C62A581007F3859 /* Request.swift in Sources */ = {isa = PBXBuildFile; fileRef = 8CF899882C62A581007F3859 /* Request.swift */; };
		8CF8998B2C62A5F0007F3859 /* Server.swift in Sources */ = {isa = PBXBuildFile; fileRef = 8CF8998A2C62A5EF007F3859 /* Server.swift */; };
		8CF8998D2C62A961007F3859 /* NetworkError.swift in Sources */ = {isa = PBXBuildFile; fileRef = 8CF8998C2C62A961007F3859 /* NetworkError.swift */; };
		8CF899902C62ABA0007F3859 /* NetworkTests.swift in Sources */ = {isa = PBXBuildFile; fileRef = 8CF8998F2C62ABA0007F3859 /* NetworkTests.swift */; };
		8CF899922C62ABC5007F3859 /* MockURLSession.swift in Sources */ = {isa = PBXBuildFile; fileRef = 8CF899912C62ABC5007F3859 /* MockURLSession.swift */; };
		8CF899942C62BFBD007F3859 /* ListService.swift in Sources */ = {isa = PBXBuildFile; fileRef = 8CF899932C62BFBD007F3859 /* ListService.swift */; };
		8CF899962C64F176007F3859 /* LoadingTableViewCell.swift in Sources */ = {isa = PBXBuildFile; fileRef = 8CF899952C64F176007F3859 /* LoadingTableViewCell.swift */; };
/* End PBXBuildFile section */

/* Begin PBXContainerItemProxy section */
		8CF394712C611A830074E83A /* PBXContainerItemProxy */ = {
			isa = PBXContainerItemProxy;
			containerPortal = 8CF394522C611A800074E83A /* Project object */;
			proxyType = 1;
			remoteGlobalIDString = 8CF394592C611A800074E83A;
			remoteInfo = "gist-peek";
		};
		8CF3947B2C611A830074E83A /* PBXContainerItemProxy */ = {
			isa = PBXContainerItemProxy;
			containerPortal = 8CF394522C611A800074E83A /* Project object */;
			proxyType = 1;
			remoteGlobalIDString = 8CF394592C611A800074E83A;
			remoteInfo = "gist-peek";
		};
/* End PBXContainerItemProxy section */

/* Begin PBXFileReference section */
		8CF3945A2C611A800074E83A /* gist-peek.app */ = {isa = PBXFileReference; explicitFileType = wrapper.application; includeInIndex = 0; path = "gist-peek.app"; sourceTree = BUILT_PRODUCTS_DIR; };
		8CF3945D2C611A800074E83A /* AppDelegate.swift */ = {isa = PBXFileReference; lastKnownFileType = sourcecode.swift; path = AppDelegate.swift; sourceTree = "<group>"; };
		8CF3945F2C611A810074E83A /* SceneDelegate.swift */ = {isa = PBXFileReference; lastKnownFileType = sourcecode.swift; path = SceneDelegate.swift; sourceTree = "<group>"; };
		8CF394612C611A810074E83A /* ListViewController.swift */ = {isa = PBXFileReference; lastKnownFileType = sourcecode.swift; path = ListViewController.swift; sourceTree = "<group>"; };
		8CF394642C611A810074E83A /* Base */ = {isa = PBXFileReference; lastKnownFileType = file.storyboard; name = Base; path = Base.lproj/Main.storyboard; sourceTree = "<group>"; };
		8CF394662C611A830074E83A /* Assets.xcassets */ = {isa = PBXFileReference; lastKnownFileType = folder.assetcatalog; path = Assets.xcassets; sourceTree = "<group>"; };
		8CF3946B2C611A830074E83A /* Info.plist */ = {isa = PBXFileReference; lastKnownFileType = text.plist.xml; path = Info.plist; sourceTree = "<group>"; };
		8CF394702C611A830074E83A /* gist-peekTests.xctest */ = {isa = PBXFileReference; explicitFileType = wrapper.cfbundle; includeInIndex = 0; path = "gist-peekTests.xctest"; sourceTree = BUILT_PRODUCTS_DIR; };
		8CF394742C611A830074E83A /* gist_peekTests.swift */ = {isa = PBXFileReference; lastKnownFileType = sourcecode.swift; path = gist_peekTests.swift; sourceTree = "<group>"; };
		8CF3947A2C611A830074E83A /* gist-peekUITests.xctest */ = {isa = PBXFileReference; explicitFileType = wrapper.cfbundle; includeInIndex = 0; path = "gist-peekUITests.xctest"; sourceTree = BUILT_PRODUCTS_DIR; };
		8CF3947E2C611A830074E83A /* gist_peekUITests.swift */ = {isa = PBXFileReference; lastKnownFileType = sourcecode.swift; path = gist_peekUITests.swift; sourceTree = "<group>"; };
		8CF394802C611A830074E83A /* gist_peekUITestsLaunchTests.swift */ = {isa = PBXFileReference; lastKnownFileType = sourcecode.swift; path = gist_peekUITestsLaunchTests.swift; sourceTree = "<group>"; };
		8CF394902C61294F0074E83A /* AppCoordinator.swift */ = {isa = PBXFileReference; lastKnownFileType = sourcecode.swift; path = AppCoordinator.swift; sourceTree = "<group>"; };
		8CF394922C61297B0074E83A /* Coordinator.swift */ = {isa = PBXFileReference; lastKnownFileType = sourcecode.swift; path = Coordinator.swift; sourceTree = "<group>"; };
		8CF394942C612A3A0074E83A /* ListCoordinator.swift */ = {isa = PBXFileReference; lastKnownFileType = sourcecode.swift; path = ListCoordinator.swift; sourceTree = "<group>"; };
		8CF899692C614F48007F3859 /* ListTableViewCell.swift */ = {isa = PBXFileReference; lastKnownFileType = sourcecode.swift; path = ListTableViewCell.swift; sourceTree = "<group>"; };
		8CF899722C624797007F3859 /* Repository.swift */ = {isa = PBXFileReference; lastKnownFileType = sourcecode.swift; path = Repository.swift; sourceTree = "<group>"; };
		8CF899742C6247D6007F3859 /* Owner.swift */ = {isa = PBXFileReference; lastKnownFileType = sourcecode.swift; path = Owner.swift; sourceTree = "<group>"; };
		8CF899772C624C48007F3859 /* gists.json */ = {isa = PBXFileReference; lastKnownFileType = text.json; path = gists.json; sourceTree = "<group>"; };
		8CF8997A2C624C9B007F3859 /* RepositoryTests.swift */ = {isa = PBXFileReference; lastKnownFileType = sourcecode.swift; path = RepositoryTests.swift; sourceTree = "<group>"; };
		8CF8997E2C6255A0007F3859 /* RepositoryFile.swift */ = {isa = PBXFileReference; lastKnownFileType = sourcecode.swift; path = RepositoryFile.swift; sourceTree = "<group>"; };
		8CF899802C625696007F3859 /* Repositories.swift */ = {isa = PBXFileReference; lastKnownFileType = sourcecode.swift; path = Repositories.swift; sourceTree = "<group>"; };
		8CF899832C627470007F3859 /* ListViewModel.swift */ = {isa = PBXFileReference; lastKnownFileType = sourcecode.swift; path = ListViewModel.swift; sourceTree = "<group>"; };
		8CF899862C629BFA007F3859 /* Network.swift */ = {isa = PBXFileReference; lastKnownFileType = sourcecode.swift; path = Network.swift; sourceTree = "<group>"; };
		8CF899882C62A581007F3859 /* Request.swift */ = {isa = PBXFileReference; lastKnownFileType = sourcecode.swift; path = Request.swift; sourceTree = "<group>"; };
		8CF8998A2C62A5EF007F3859 /* Server.swift */ = {isa = PBXFileReference; lastKnownFileType = sourcecode.swift; path = Server.swift; sourceTree = "<group>"; };
		8CF8998C2C62A961007F3859 /* NetworkError.swift */ = {isa = PBXFileReference; lastKnownFileType = sourcecode.swift; path = NetworkError.swift; sourceTree = "<group>"; };
		8CF8998F2C62ABA0007F3859 /* NetworkTests.swift */ = {isa = PBXFileReference; lastKnownFileType = sourcecode.swift; path = NetworkTests.swift; sourceTree = "<group>"; };
		8CF899912C62ABC5007F3859 /* MockURLSession.swift */ = {isa = PBXFileReference; lastKnownFileType = sourcecode.swift; path = MockURLSession.swift; sourceTree = "<group>"; };
		8CF899932C62BFBD007F3859 /* ListService.swift */ = {isa = PBXFileReference; lastKnownFileType = sourcecode.swift; path = ListService.swift; sourceTree = "<group>"; };
		8CF899952C64F176007F3859 /* LoadingTableViewCell.swift */ = {isa = PBXFileReference; lastKnownFileType = sourcecode.swift; path = LoadingTableViewCell.swift; sourceTree = "<group>"; };
/* End PBXFileReference section */

/* Begin PBXFrameworksBuildPhase section */
		8CF394572C611A800074E83A /* Frameworks */ = {
			isa = PBXFrameworksBuildPhase;
			buildActionMask = 2147483647;
			files = (
				8CF899702C6245B6007F3859 /* Kingfisher in Frameworks */,
			);
			runOnlyForDeploymentPostprocessing = 0;
		};
		8CF3946D2C611A830074E83A /* Frameworks */ = {
			isa = PBXFrameworksBuildPhase;
			buildActionMask = 2147483647;
			files = (
			);
			runOnlyForDeploymentPostprocessing = 0;
		};
		8CF394772C611A830074E83A /* Frameworks */ = {
			isa = PBXFrameworksBuildPhase;
			buildActionMask = 2147483647;
			files = (
			);
			runOnlyForDeploymentPostprocessing = 0;
		};
/* End PBXFrameworksBuildPhase section */

/* Begin PBXGroup section */
		8CF394512C611A800074E83A = {
			isa = PBXGroup;
			children = (
				8CF3945C2C611A800074E83A /* gist-peek */,
				8CF394732C611A830074E83A /* gist-peekTests */,
				8CF3947D2C611A830074E83A /* gist-peekUITests */,
				8CF3945B2C611A800074E83A /* Products */,
			);
			sourceTree = "<group>";
		};
		8CF3945B2C611A800074E83A /* Products */ = {
			isa = PBXGroup;
			children = (
				8CF3945A2C611A800074E83A /* gist-peek.app */,
				8CF394702C611A830074E83A /* gist-peekTests.xctest */,
				8CF3947A2C611A830074E83A /* gist-peekUITests.xctest */,
			);
			name = Products;
			sourceTree = "<group>";
		};
		8CF3945C2C611A800074E83A /* gist-peek */ = {
			isa = PBXGroup;
			children = (
				8CF3948D2C6128A40074E83A /* Sources */,
				8CF899852C629BD3007F3859 /* Network */,
				8CF899822C627286007F3859 /* Coordinator */,
				8CF899712C624658007F3859 /* Model */,
				8CF3948E2C6128F50074E83A /* Features */,
				8CF394632C611A810074E83A /* Main.storyboard */,
				8CF394662C611A830074E83A /* Assets.xcassets */,
				8CF3946B2C611A830074E83A /* Info.plist */,
			);
			path = "gist-peek";
			sourceTree = "<group>";
		};
		8CF394732C611A830074E83A /* gist-peekTests */ = {
			isa = PBXGroup;
			children = (
				8CF8998E2C62AB63007F3859 /* Network */,
				8CF899792C624C71007F3859 /* Models */,
				8CF899762C624C28007F3859 /* Resources */,
				8CF394742C611A830074E83A /* gist_peekTests.swift */,
			);
			path = "gist-peekTests";
			sourceTree = "<group>";
		};
		8CF3947D2C611A830074E83A /* gist-peekUITests */ = {
			isa = PBXGroup;
			children = (
				8CF3947E2C611A830074E83A /* gist_peekUITests.swift */,
				8CF394802C611A830074E83A /* gist_peekUITestsLaunchTests.swift */,
			);
			path = "gist-peekUITests";
			sourceTree = "<group>";
		};
		8CF3948D2C6128A40074E83A /* Sources */ = {
			isa = PBXGroup;
			children = (
				8CF3945D2C611A800074E83A /* AppDelegate.swift */,
				8CF3945F2C611A810074E83A /* SceneDelegate.swift */,
			);
			path = Sources;
			sourceTree = "<group>";
		};
		8CF3948E2C6128F50074E83A /* Features */ = {
			isa = PBXGroup;
			children = (
				8CF3948F2C6129160074E83A /* List */,
			);
			name = Features;
			sourceTree = "<group>";
		};
		8CF3948F2C6129160074E83A /* List */ = {
			isa = PBXGroup;
			children = (
				8CF394942C612A3A0074E83A /* ListCoordinator.swift */,
				8CF394612C611A810074E83A /* ListViewController.swift */,
				8CF899692C614F48007F3859 /* ListTableViewCell.swift */,
				8CF899952C64F176007F3859 /* LoadingTableViewCell.swift */,
				8CF899832C627470007F3859 /* ListViewModel.swift */,
				8CF899932C62BFBD007F3859 /* ListService.swift */,
			);
			name = List;
			sourceTree = "<group>";
		};
		8CF899712C624658007F3859 /* Model */ = {
			isa = PBXGroup;
			children = (
				8CF899722C624797007F3859 /* Repository.swift */,
				8CF899802C625696007F3859 /* Repositories.swift */,
				8CF8997E2C6255A0007F3859 /* RepositoryFile.swift */,
				8CF899742C6247D6007F3859 /* Owner.swift */,
			);
			path = Model;
			sourceTree = "<group>";
		};
		8CF899762C624C28007F3859 /* Resources */ = {
			isa = PBXGroup;
			children = (
				8CF899772C624C48007F3859 /* gists.json */,
			);
			path = Resources;
			sourceTree = "<group>";
		};
		8CF899792C624C71007F3859 /* Models */ = {
			isa = PBXGroup;
			children = (
				8CF8997A2C624C9B007F3859 /* RepositoryTests.swift */,
			);
			path = Models;
			sourceTree = "<group>";
		};
		8CF899822C627286007F3859 /* Coordinator */ = {
			isa = PBXGroup;
			children = (
				8CF394902C61294F0074E83A /* AppCoordinator.swift */,
				8CF394922C61297B0074E83A /* Coordinator.swift */,
			);
			path = Coordinator;
			sourceTree = "<group>";
		};
		8CF899852C629BD3007F3859 /* Network */ = {
			isa = PBXGroup;
			children = (
				8CF899862C629BFA007F3859 /* Network.swift */,
				8CF8998C2C62A961007F3859 /* NetworkError.swift */,
				8CF899882C62A581007F3859 /* Request.swift */,
				8CF8998A2C62A5EF007F3859 /* Server.swift */,
			);
			path = Network;
			sourceTree = "<group>";
		};
		8CF8998E2C62AB63007F3859 /* Network */ = {
			isa = PBXGroup;
			children = (
				8CF899912C62ABC5007F3859 /* MockURLSession.swift */,
				8CF8998F2C62ABA0007F3859 /* NetworkTests.swift */,
			);
			path = Network;
			sourceTree = "<group>";
		};
/* End PBXGroup section */

/* Begin PBXNativeTarget section */
		8CF394592C611A800074E83A /* gist-peek */ = {
			isa = PBXNativeTarget;
			buildConfigurationList = 8CF394842C611A830074E83A /* Build configuration list for PBXNativeTarget "gist-peek" */;
			buildPhases = (
				8CF394562C611A800074E83A /* Sources */,
				8CF394572C611A800074E83A /* Frameworks */,
				8CF394582C611A800074E83A /* Resources */,
			);
			buildRules = (
			);
			dependencies = (
			);
			name = "gist-peek";
			packageProductDependencies = (
				8CF8996F2C6245B6007F3859 /* Kingfisher */,
			);
			productName = "gist-peek";
			productReference = 8CF3945A2C611A800074E83A /* gist-peek.app */;
			productType = "com.apple.product-type.application";
		};
		8CF3946F2C611A830074E83A /* gist-peekTests */ = {
			isa = PBXNativeTarget;
			buildConfigurationList = 8CF394872C611A830074E83A /* Build configuration list for PBXNativeTarget "gist-peekTests" */;
			buildPhases = (
				8CF3946C2C611A830074E83A /* Sources */,
				8CF3946D2C611A830074E83A /* Frameworks */,
				8CF3946E2C611A830074E83A /* Resources */,
			);
			buildRules = (
			);
			dependencies = (
				8CF394722C611A830074E83A /* PBXTargetDependency */,
			);
			name = "gist-peekTests";
			productName = "gist-peekTests";
			productReference = 8CF394702C611A830074E83A /* gist-peekTests.xctest */;
			productType = "com.apple.product-type.bundle.unit-test";
		};
		8CF394792C611A830074E83A /* gist-peekUITests */ = {
			isa = PBXNativeTarget;
			buildConfigurationList = 8CF3948A2C611A830074E83A /* Build configuration list for PBXNativeTarget "gist-peekUITests" */;
			buildPhases = (
				8CF394762C611A830074E83A /* Sources */,
				8CF394772C611A830074E83A /* Frameworks */,
				8CF394782C611A830074E83A /* Resources */,
			);
			buildRules = (
			);
			dependencies = (
				8CF3947C2C611A830074E83A /* PBXTargetDependency */,
			);
			name = "gist-peekUITests";
			productName = "gist-peekUITests";
			productReference = 8CF3947A2C611A830074E83A /* gist-peekUITests.xctest */;
			productType = "com.apple.product-type.bundle.ui-testing";
		};
/* End PBXNativeTarget section */

/* Begin PBXProject section */
		8CF394522C611A800074E83A /* Project object */ = {
			isa = PBXProject;
			attributes = {
				BuildIndependentTargetsInParallel = 1;
				LastSwiftUpdateCheck = 1520;
				LastUpgradeCheck = 1520;
				TargetAttributes = {
					8CF394592C611A800074E83A = {
						CreatedOnToolsVersion = 15.2;
					};
					8CF3946F2C611A830074E83A = {
						CreatedOnToolsVersion = 15.2;
						TestTargetID = 8CF394592C611A800074E83A;
					};
					8CF394792C611A830074E83A = {
						CreatedOnToolsVersion = 15.2;
						TestTargetID = 8CF394592C611A800074E83A;
					};
				};
			};
			buildConfigurationList = 8CF394552C611A800074E83A /* Build configuration list for PBXProject "gist-peek" */;
			compatibilityVersion = "Xcode 14.0";
			developmentRegion = en;
			hasScannedForEncodings = 0;
			knownRegions = (
				en,
				Base,
			);
			mainGroup = 8CF394512C611A800074E83A;
			packageReferences = (
				8CF8996E2C6245B6007F3859 /* XCRemoteSwiftPackageReference "Kingfisher" */,
			);
			productRefGroup = 8CF3945B2C611A800074E83A /* Products */;
			projectDirPath = "";
			projectRoot = "";
			targets = (
				8CF394592C611A800074E83A /* gist-peek */,
				8CF3946F2C611A830074E83A /* gist-peekTests */,
				8CF394792C611A830074E83A /* gist-peekUITests */,
			);
		};
/* End PBXProject section */

/* Begin PBXResourcesBuildPhase section */
		8CF394582C611A800074E83A /* Resources */ = {
			isa = PBXResourcesBuildPhase;
			buildActionMask = 2147483647;
			files = (
				8CF394672C611A830074E83A /* Assets.xcassets in Resources */,
				8CF394652C611A810074E83A /* Main.storyboard in Resources */,
			);
			runOnlyForDeploymentPostprocessing = 0;
		};
		8CF3946E2C611A830074E83A /* Resources */ = {
			isa = PBXResourcesBuildPhase;
			buildActionMask = 2147483647;
			files = (
				8CF899782C624C48007F3859 /* gists.json in Resources */,
			);
			runOnlyForDeploymentPostprocessing = 0;
		};
		8CF394782C611A830074E83A /* Resources */ = {
			isa = PBXResourcesBuildPhase;
			buildActionMask = 2147483647;
			files = (
			);
			runOnlyForDeploymentPostprocessing = 0;
		};
/* End PBXResourcesBuildPhase section */

/* Begin PBXSourcesBuildPhase section */
		8CF394562C611A800074E83A /* Sources */ = {
			isa = PBXSourcesBuildPhase;
			buildActionMask = 2147483647;
			files = (
				8CF899872C629BFA007F3859 /* Network.swift in Sources */,
				8CF8998D2C62A961007F3859 /* NetworkError.swift in Sources */,
				8CF899962C64F176007F3859 /* LoadingTableViewCell.swift in Sources */,
				8CF394912C61294F0074E83A /* AppCoordinator.swift in Sources */,
				8CF394622C611A810074E83A /* ListViewController.swift in Sources */,
				8CF899842C627470007F3859 /* ListViewModel.swift in Sources */,
				8CF8997F2C6255A0007F3859 /* RepositoryFile.swift in Sources */,
				8CF394952C612A3A0074E83A /* ListCoordinator.swift in Sources */,
				8CF899752C6247D6007F3859 /* Owner.swift in Sources */,
				8CF899812C625696007F3859 /* Repositories.swift in Sources */,
				8CF8996A2C614F48007F3859 /* ListTableViewCell.swift in Sources */,
				8CF394932C61297B0074E83A /* Coordinator.swift in Sources */,
				8CF8998B2C62A5F0007F3859 /* Server.swift in Sources */,
				8CF3945E2C611A810074E83A /* AppDelegate.swift in Sources */,
				8CF899942C62BFBD007F3859 /* ListService.swift in Sources */,
				8CF899892C62A581007F3859 /* Request.swift in Sources */,
				8CF394602C611A810074E83A /* SceneDelegate.swift in Sources */,
				8CF899732C624797007F3859 /* Repository.swift in Sources */,
			);
			runOnlyForDeploymentPostprocessing = 0;
		};
		8CF3946C2C611A830074E83A /* Sources */ = {
			isa = PBXSourcesBuildPhase;
			buildActionMask = 2147483647;
			files = (
				8CF899922C62ABC5007F3859 /* MockURLSession.swift in Sources */,
				8CF899902C62ABA0007F3859 /* NetworkTests.swift in Sources */,
				8CF394752C611A830074E83A /* gist_peekTests.swift in Sources */,
				8CF8997B2C624C9B007F3859 /* RepositoryTests.swift in Sources */,
			);
			runOnlyForDeploymentPostprocessing = 0;
		};
		8CF394762C611A830074E83A /* Sources */ = {
			isa = PBXSourcesBuildPhase;
			buildActionMask = 2147483647;
			files = (
				8CF394812C611A830074E83A /* gist_peekUITestsLaunchTests.swift in Sources */,
				8CF3947F2C611A830074E83A /* gist_peekUITests.swift in Sources */,
			);
			runOnlyForDeploymentPostprocessing = 0;
		};
/* End PBXSourcesBuildPhase section */

/* Begin PBXTargetDependency section */
		8CF394722C611A830074E83A /* PBXTargetDependency */ = {
			isa = PBXTargetDependency;
			target = 8CF394592C611A800074E83A /* gist-peek */;
			targetProxy = 8CF394712C611A830074E83A /* PBXContainerItemProxy */;
		};
		8CF3947C2C611A830074E83A /* PBXTargetDependency */ = {
			isa = PBXTargetDependency;
			target = 8CF394592C611A800074E83A /* gist-peek */;
			targetProxy = 8CF3947B2C611A830074E83A /* PBXContainerItemProxy */;
		};
/* End PBXTargetDependency section */

/* Begin PBXVariantGroup section */
		8CF394632C611A810074E83A /* Main.storyboard */ = {
			isa = PBXVariantGroup;
			children = (
				8CF394642C611A810074E83A /* Base */,
			);
			name = Main.storyboard;
			sourceTree = "<group>";
		};
/* End PBXVariantGroup section */

/* Begin XCBuildConfiguration section */
		8CF394822C611A830074E83A /* Debug */ = {
			isa = XCBuildConfiguration;
			buildSettings = {
				ALWAYS_SEARCH_USER_PATHS = NO;
				ASSETCATALOG_COMPILER_GENERATE_SWIFT_ASSET_SYMBOL_EXTENSIONS = YES;
				CLANG_ANALYZER_NONNULL = YES;
				CLANG_ANALYZER_NUMBER_OBJECT_CONVERSION = YES_AGGRESSIVE;
				CLANG_CXX_LANGUAGE_STANDARD = "gnu++20";
				CLANG_ENABLE_MODULES = YES;
				CLANG_ENABLE_OBJC_ARC = YES;
				CLANG_ENABLE_OBJC_WEAK = YES;
				CLANG_WARN_BLOCK_CAPTURE_AUTORELEASING = YES;
				CLANG_WARN_BOOL_CONVERSION = YES;
				CLANG_WARN_COMMA = YES;
				CLANG_WARN_CONSTANT_CONVERSION = YES;
				CLANG_WARN_DEPRECATED_OBJC_IMPLEMENTATIONS = YES;
				CLANG_WARN_DIRECT_OBJC_ISA_USAGE = YES_ERROR;
				CLANG_WARN_DOCUMENTATION_COMMENTS = YES;
				CLANG_WARN_EMPTY_BODY = YES;
				CLANG_WARN_ENUM_CONVERSION = YES;
				CLANG_WARN_INFINITE_RECURSION = YES;
				CLANG_WARN_INT_CONVERSION = YES;
				CLANG_WARN_NON_LITERAL_NULL_CONVERSION = YES;
				CLANG_WARN_OBJC_IMPLICIT_RETAIN_SELF = YES;
				CLANG_WARN_OBJC_LITERAL_CONVERSION = YES;
				CLANG_WARN_OBJC_ROOT_CLASS = YES_ERROR;
				CLANG_WARN_QUOTED_INCLUDE_IN_FRAMEWORK_HEADER = YES;
				CLANG_WARN_RANGE_LOOP_ANALYSIS = YES;
				CLANG_WARN_STRICT_PROTOTYPES = YES;
				CLANG_WARN_SUSPICIOUS_MOVE = YES;
				CLANG_WARN_UNGUARDED_AVAILABILITY = YES_AGGRESSIVE;
				CLANG_WARN_UNREACHABLE_CODE = YES;
				CLANG_WARN__DUPLICATE_METHOD_MATCH = YES;
				COPY_PHASE_STRIP = NO;
				DEBUG_INFORMATION_FORMAT = dwarf;
				ENABLE_STRICT_OBJC_MSGSEND = YES;
				ENABLE_TESTABILITY = YES;
				ENABLE_USER_SCRIPT_SANDBOXING = YES;
				GCC_C_LANGUAGE_STANDARD = gnu17;
				GCC_DYNAMIC_NO_PIC = NO;
				GCC_NO_COMMON_BLOCKS = YES;
				GCC_OPTIMIZATION_LEVEL = 0;
				GCC_PREPROCESSOR_DEFINITIONS = (
					"DEBUG=1",
					"$(inherited)",
				);
				GCC_WARN_64_TO_32_BIT_CONVERSION = YES;
				GCC_WARN_ABOUT_RETURN_TYPE = YES_ERROR;
				GCC_WARN_UNDECLARED_SELECTOR = YES;
				GCC_WARN_UNINITIALIZED_AUTOS = YES_AGGRESSIVE;
				GCC_WARN_UNUSED_FUNCTION = YES;
				GCC_WARN_UNUSED_VARIABLE = YES;
				IPHONEOS_DEPLOYMENT_TARGET = 17.2;
				LOCALIZATION_PREFERS_STRING_CATALOGS = YES;
				MTL_ENABLE_DEBUG_INFO = INCLUDE_SOURCE;
				MTL_FAST_MATH = YES;
				ONLY_ACTIVE_ARCH = YES;
				SDKROOT = iphoneos;
				SWIFT_ACTIVE_COMPILATION_CONDITIONS = "DEBUG $(inherited)";
				SWIFT_OPTIMIZATION_LEVEL = "-Onone";
			};
			name = Debug;
		};
		8CF394832C611A830074E83A /* Release */ = {
			isa = XCBuildConfiguration;
			buildSettings = {
				ALWAYS_SEARCH_USER_PATHS = NO;
				ASSETCATALOG_COMPILER_GENERATE_SWIFT_ASSET_SYMBOL_EXTENSIONS = YES;
				CLANG_ANALYZER_NONNULL = YES;
				CLANG_ANALYZER_NUMBER_OBJECT_CONVERSION = YES_AGGRESSIVE;
				CLANG_CXX_LANGUAGE_STANDARD = "gnu++20";
				CLANG_ENABLE_MODULES = YES;
				CLANG_ENABLE_OBJC_ARC = YES;
				CLANG_ENABLE_OBJC_WEAK = YES;
				CLANG_WARN_BLOCK_CAPTURE_AUTORELEASING = YES;
				CLANG_WARN_BOOL_CONVERSION = YES;
				CLANG_WARN_COMMA = YES;
				CLANG_WARN_CONSTANT_CONVERSION = YES;
				CLANG_WARN_DEPRECATED_OBJC_IMPLEMENTATIONS = YES;
				CLANG_WARN_DIRECT_OBJC_ISA_USAGE = YES_ERROR;
				CLANG_WARN_DOCUMENTATION_COMMENTS = YES;
				CLANG_WARN_EMPTY_BODY = YES;
				CLANG_WARN_ENUM_CONVERSION = YES;
				CLANG_WARN_INFINITE_RECURSION = YES;
				CLANG_WARN_INT_CONVERSION = YES;
				CLANG_WARN_NON_LITERAL_NULL_CONVERSION = YES;
				CLANG_WARN_OBJC_IMPLICIT_RETAIN_SELF = YES;
				CLANG_WARN_OBJC_LITERAL_CONVERSION = YES;
				CLANG_WARN_OBJC_ROOT_CLASS = YES_ERROR;
				CLANG_WARN_QUOTED_INCLUDE_IN_FRAMEWORK_HEADER = YES;
				CLANG_WARN_RANGE_LOOP_ANALYSIS = YES;
				CLANG_WARN_STRICT_PROTOTYPES = YES;
				CLANG_WARN_SUSPICIOUS_MOVE = YES;
				CLANG_WARN_UNGUARDED_AVAILABILITY = YES_AGGRESSIVE;
				CLANG_WARN_UNREACHABLE_CODE = YES;
				CLANG_WARN__DUPLICATE_METHOD_MATCH = YES;
				COPY_PHASE_STRIP = NO;
				DEBUG_INFORMATION_FORMAT = "dwarf-with-dsym";
				ENABLE_NS_ASSERTIONS = NO;
				ENABLE_STRICT_OBJC_MSGSEND = YES;
				ENABLE_USER_SCRIPT_SANDBOXING = YES;
				GCC_C_LANGUAGE_STANDARD = gnu17;
				GCC_NO_COMMON_BLOCKS = YES;
				GCC_WARN_64_TO_32_BIT_CONVERSION = YES;
				GCC_WARN_ABOUT_RETURN_TYPE = YES_ERROR;
				GCC_WARN_UNDECLARED_SELECTOR = YES;
				GCC_WARN_UNINITIALIZED_AUTOS = YES_AGGRESSIVE;
				GCC_WARN_UNUSED_FUNCTION = YES;
				GCC_WARN_UNUSED_VARIABLE = YES;
				IPHONEOS_DEPLOYMENT_TARGET = 17.2;
				LOCALIZATION_PREFERS_STRING_CATALOGS = YES;
				MTL_ENABLE_DEBUG_INFO = NO;
				MTL_FAST_MATH = YES;
				SDKROOT = iphoneos;
				SWIFT_COMPILATION_MODE = wholemodule;
				VALIDATE_PRODUCT = YES;
			};
			name = Release;
		};
		8CF394852C611A830074E83A /* Debug */ = {
			isa = XCBuildConfiguration;
			buildSettings = {
				ASSETCATALOG_COMPILER_APPICON_NAME = AppIcon;
				ASSETCATALOG_COMPILER_GLOBAL_ACCENT_COLOR_NAME = AccentColor;
				CODE_SIGN_STYLE = Automatic;
				CURRENT_PROJECT_VERSION = 1;
				DEVELOPMENT_TEAM = W24NP433WS;
				GENERATE_INFOPLIST_FILE = YES;
				INFOPLIST_FILE = "gist-peek/Info.plist";
				INFOPLIST_KEY_UIApplicationSupportsIndirectInputEvents = YES;
				INFOPLIST_KEY_UILaunchStoryboardName = LaunchScreen;
				INFOPLIST_KEY_UIMainStoryboardFile = "";
				INFOPLIST_KEY_UISupportedInterfaceOrientations = "UIInterfaceOrientationLandscapeLeft UIInterfaceOrientationLandscapeRight UIInterfaceOrientationPortrait";
				LD_RUNPATH_SEARCH_PATHS = (
					"$(inherited)",
					"@executable_path/Frameworks",
				);
				MARKETING_VERSION = 1.0;
				PRODUCT_BUNDLE_IDENTIFIER = "com.sucris.gist-peek";
				PRODUCT_NAME = "$(TARGET_NAME)";
				SUPPORTED_PLATFORMS = "iphoneos iphonesimulator";
				SUPPORTS_MACCATALYST = NO;
				SUPPORTS_MAC_DESIGNED_FOR_IPHONE_IPAD = NO;
				SUPPORTS_XR_DESIGNED_FOR_IPHONE_IPAD = NO;
				SWIFT_EMIT_LOC_STRINGS = YES;
				SWIFT_VERSION = 5.0;
				TARGETED_DEVICE_FAMILY = 1;
			};
			name = Debug;
		};
		8CF394862C611A830074E83A /* Release */ = {
			isa = XCBuildConfiguration;
			buildSettings = {
				ASSETCATALOG_COMPILER_APPICON_NAME = AppIcon;
				ASSETCATALOG_COMPILER_GLOBAL_ACCENT_COLOR_NAME = AccentColor;
				CODE_SIGN_STYLE = Automatic;
				CURRENT_PROJECT_VERSION = 1;
				DEVELOPMENT_TEAM = W24NP433WS;
				GENERATE_INFOPLIST_FILE = YES;
				INFOPLIST_FILE = "gist-peek/Info.plist";
				INFOPLIST_KEY_UIApplicationSupportsIndirectInputEvents = YES;
				INFOPLIST_KEY_UILaunchStoryboardName = LaunchScreen;
				INFOPLIST_KEY_UIMainStoryboardFile = "";
				INFOPLIST_KEY_UISupportedInterfaceOrientations = "UIInterfaceOrientationLandscapeLeft UIInterfaceOrientationLandscapeRight UIInterfaceOrientationPortrait";
				LD_RUNPATH_SEARCH_PATHS = (
					"$(inherited)",
					"@executable_path/Frameworks",
				);
				MARKETING_VERSION = 1.0;
				PRODUCT_BUNDLE_IDENTIFIER = "com.sucris.gist-peek";
				PRODUCT_NAME = "$(TARGET_NAME)";
				SUPPORTED_PLATFORMS = "iphoneos iphonesimulator";
				SUPPORTS_MACCATALYST = NO;
				SUPPORTS_MAC_DESIGNED_FOR_IPHONE_IPAD = NO;
				SUPPORTS_XR_DESIGNED_FOR_IPHONE_IPAD = NO;
				SWIFT_EMIT_LOC_STRINGS = YES;
				SWIFT_VERSION = 5.0;
				TARGETED_DEVICE_FAMILY = 1;
			};
			name = Release;
		};
		8CF394882C611A830074E83A /* Debug */ = {
			isa = XCBuildConfiguration;
			buildSettings = {
				ALWAYS_EMBED_SWIFT_STANDARD_LIBRARIES = YES;
				BUNDLE_LOADER = "$(TEST_HOST)";
				CODE_SIGN_STYLE = Automatic;
				CURRENT_PROJECT_VERSION = 1;
				DEVELOPMENT_TEAM = W24NP433WS;
				GENERATE_INFOPLIST_FILE = YES;
				IPHONEOS_DEPLOYMENT_TARGET = 17.2;
				MARKETING_VERSION = 1.0;
				PRODUCT_BUNDLE_IDENTIFIER = "com.sucris.gist-peekTests";
				PRODUCT_NAME = "$(TARGET_NAME)";
				SWIFT_EMIT_LOC_STRINGS = NO;
				SWIFT_VERSION = 5.0;
				TARGETED_DEVICE_FAMILY = "1,2";
				TEST_HOST = "$(BUILT_PRODUCTS_DIR)/gist-peek.app/$(BUNDLE_EXECUTABLE_FOLDER_PATH)/gist-peek";
			};
			name = Debug;
		};
		8CF394892C611A830074E83A /* Release */ = {
			isa = XCBuildConfiguration;
			buildSettings = {
				ALWAYS_EMBED_SWIFT_STANDARD_LIBRARIES = YES;
				BUNDLE_LOADER = "$(TEST_HOST)";
				CODE_SIGN_STYLE = Automatic;
				CURRENT_PROJECT_VERSION = 1;
				DEVELOPMENT_TEAM = W24NP433WS;
				GENERATE_INFOPLIST_FILE = YES;
				IPHONEOS_DEPLOYMENT_TARGET = 17.2;
				MARKETING_VERSION = 1.0;
				PRODUCT_BUNDLE_IDENTIFIER = "com.sucris.gist-peekTests";
				PRODUCT_NAME = "$(TARGET_NAME)";
				SWIFT_EMIT_LOC_STRINGS = NO;
				SWIFT_VERSION = 5.0;
				TARGETED_DEVICE_FAMILY = "1,2";
				TEST_HOST = "$(BUILT_PRODUCTS_DIR)/gist-peek.app/$(BUNDLE_EXECUTABLE_FOLDER_PATH)/gist-peek";
			};
			name = Release;
		};
		8CF3948B2C611A830074E83A /* Debug */ = {
			isa = XCBuildConfiguration;
			buildSettings = {
				ALWAYS_EMBED_SWIFT_STANDARD_LIBRARIES = YES;
				CODE_SIGN_STYLE = Automatic;
				CURRENT_PROJECT_VERSION = 1;
				DEVELOPMENT_TEAM = W24NP433WS;
				GENERATE_INFOPLIST_FILE = YES;
				MARKETING_VERSION = 1.0;
				PRODUCT_BUNDLE_IDENTIFIER = "com.sucris.gist-peekUITests";
				PRODUCT_NAME = "$(TARGET_NAME)";
				SWIFT_EMIT_LOC_STRINGS = NO;
				SWIFT_VERSION = 5.0;
				TARGETED_DEVICE_FAMILY = "1,2";
				TEST_TARGET_NAME = "gist-peek";
			};
			name = Debug;
		};
		8CF3948C2C611A830074E83A /* Release */ = {
			isa = XCBuildConfiguration;
			buildSettings = {
				ALWAYS_EMBED_SWIFT_STANDARD_LIBRARIES = YES;
				CODE_SIGN_STYLE = Automatic;
				CURRENT_PROJECT_VERSION = 1;
				DEVELOPMENT_TEAM = W24NP433WS;
				GENERATE_INFOPLIST_FILE = YES;
				MARKETING_VERSION = 1.0;
				PRODUCT_BUNDLE_IDENTIFIER = "com.sucris.gist-peekUITests";
				PRODUCT_NAME = "$(TARGET_NAME)";
				SWIFT_EMIT_LOC_STRINGS = NO;
				SWIFT_VERSION = 5.0;
				TARGETED_DEVICE_FAMILY = "1,2";
				TEST_TARGET_NAME = "gist-peek";
			};
			name = Release;
		};
/* End XCBuildConfiguration section */

/* Begin XCConfigurationList section */
		8CF394552C611A800074E83A /* Build configuration list for PBXProject "gist-peek" */ = {
			isa = XCConfigurationList;
			buildConfigurations = (
				8CF394822C611A830074E83A /* Debug */,
				8CF394832C611A830074E83A /* Release */,
			);
			defaultConfigurationIsVisible = 0;
			defaultConfigurationName = Release;
		};
		8CF394842C611A830074E83A /* Build configuration list for PBXNativeTarget "gist-peek" */ = {
			isa = XCConfigurationList;
			buildConfigurations = (
				8CF394852C611A830074E83A /* Debug */,
				8CF394862C611A830074E83A /* Release */,
			);
			defaultConfigurationIsVisible = 0;
			defaultConfigurationName = Release;
		};
		8CF394872C611A830074E83A /* Build configuration list for PBXNativeTarget "gist-peekTests" */ = {
			isa = XCConfigurationList;
			buildConfigurations = (
				8CF394882C611A830074E83A /* Debug */,
				8CF394892C611A830074E83A /* Release */,
			);
			defaultConfigurationIsVisible = 0;
			defaultConfigurationName = Release;
		};
		8CF3948A2C611A830074E83A /* Build configuration list for PBXNativeTarget "gist-peekUITests" */ = {
			isa = XCConfigurationList;
			buildConfigurations = (
				8CF3948B2C611A830074E83A /* Debug */,
				8CF3948C2C611A830074E83A /* Release */,
			);
			defaultConfigurationIsVisible = 0;
			defaultConfigurationName = Release;
		};
/* End XCConfigurationList section */

/* Begin XCRemoteSwiftPackageReference section */
		8CF8996E2C6245B6007F3859 /* XCRemoteSwiftPackageReference "Kingfisher" */ = {
			isa = XCRemoteSwiftPackageReference;
			repositoryURL = "https://github.com/onevcat/Kingfisher.git";
			requirement = {
				kind = upToNextMajorVersion;
				minimumVersion = 7.12.0;
			};
		};
/* End XCRemoteSwiftPackageReference section */

/* Begin XCSwiftPackageProductDependency section */
		8CF8996F2C6245B6007F3859 /* Kingfisher */ = {
			isa = XCSwiftPackageProductDependency;
			package = 8CF8996E2C6245B6007F3859 /* XCRemoteSwiftPackageReference "Kingfisher" */;
			productName = Kingfisher;
		};
/* End XCSwiftPackageProductDependency section */
	};
	rootObject = 8CF394522C611A800074E83A /* Project object */;
}
